github.com/dadoonet/hugo-theme-devrel v0.5.0 h1:rogkzMw3xk7QaoxKuLarVzQduvbkyF636UphjuRVhuc=
github.com/dadoonet/hugo-theme-devrel v0.5.0/go.mod h1:u0CwV/5aI8vyLC9asGCgq+n/k6e1X4JDAE3WHv/9ocM=
github.com/g1eny0ung/hugo-theme-dream v3.17.1-0.20260912024315-3b2b0fae124a+incompatible h1:oEJ7xKXOiM7T+V0v0roxvDvo7BS6QHV4XgQyab8TSEo=
github.com/g1eny0ung/hugo-theme-dream v3.17.1-0.20260912024315-3b2b0fae124a+incompatible/go.mod h1:oCFyt6Zimu9HUwvDboQElWNSyC+f2+GTCKhd6GQFqHo=
